lockfileVersion: '6.0'

settings:
  autoInstallPeers: true
  excludeLinksFromLockfile: false

dependencies:
  '@mediapipe/selfie_segmentation':
    specifier: ^0.1.1675465747
    version: 0.1.1675465747
  '@tensorflow-models/body-segmentation':
    specifier: ^1.0.2
    version: 1.0.2(@mediapipe/selfie_segmentation@0.1.1675465747)(@tensorflow/tfjs-backend-webgl@4.16.0)(@tensorflow/tfjs-converter@4.16.0)(@tensorflow/tfjs-core@4.16.0)
  '@tensorflow/tfjs-backend-webgl':
    specifier: ^4.16.0
    version: 4.16.0(@tensorflow/tfjs-core@4.16.0)
  '@tensorflow/tfjs-core':
    specifier: ^4.16.0
    version: 4.16.0
  vue:
    specifier: ^3.3.11
    version: 3.3.11

devDependencies:
  '@vitejs/plugin-vue':
    specifier: ^4.5.2
    version: 4.5.2(vite@5.0.8)(vue@3.3.11)
  vite:
    specifier: ^5.0.8
    version: 5.0.8

packages:

  /@babel/helper-string-parser@7.23.4:
    resolution: {integrity: sha512-803gmbQdqwdf4olxrX4AJyFBV/RTr3rSmOj0rKwesmzlfhYNDEs+/iOcznzpNWlJlIlTJC2QfPFcHB6DlzdVLQ==}
    engines: {node: '>=6.9.0'}

  /@babel/helper-validator-identifier@7.22.20:
    resolution: {integrity: sha512-Y4OZ+ytlatR8AI+8KZfKuL5urKp7qey08ha31L8b3BwewJAoJamTzyvxPR/5D+KkdJCGPq/+8TukHBlY10FX9A==}
    engines: {node: '>=6.9.0'}

  /@babel/parser@7.23.6:
    resolution: {integrity: sha512-Z2uID7YJ7oNvAI20O9X0bblw7Qqs8Q2hFy0R9tAfnfLkp5MW0UH9eUvnDSnFwKZ0AvgS1ucqR4KzvVHgnke1VQ==}
    engines: {node: '>=6.0.0'}
    hasBin: true
    dependencies:
      '@babel/types': 7.23.6

  /@babel/types@7.23.6:
    resolution: {integrity: sha512-+uarb83brBzPKN38NX1MkB6vb6+mwvR6amUulqAE7ccQw1pEl+bCia9TbdG1lsnFP7lZySvUn37CHyXQdfTwzg==}
    engines: {node: '>=6.9.0'}
    dependencies:
      '@babel/helper-string-parser': 7.23.4
      '@babel/helper-validator-identifier': 7.22.20
      to-fast-properties: 2.0.0

  /@esbuild/aix-ppc64@0.19.11:
    resolution: {integrity: sha512-FnzU0LyE3ySQk7UntJO4+qIiQgI7KoODnZg5xzXIrFJlKd2P2gwHsHY4927xj9y5PJmJSzULiUCWmv7iWnNa7g==}
    engines: {node: '>=12'}
    cpu: [ppc64]
    os: [aix]
    requiresBuild: true
    dev: true
    optional: true

  /@esbuild/android-arm64@0.19.11:
    resolution: {integrity: sha512-aiu7K/5JnLj//KOnOfEZ0D90obUkRzDMyqd/wNAUQ34m4YUPVhRZpnqKV9uqDGxT7cToSDnIHsGooyIczu9T+Q==}
    engines: {node: '>=12'}
    cpu: [arm64]
    os: [android]
    requiresBuild: true
    dev: true
    optional: true

  /@esbuild/android-arm@0.19.11:
    resolution: {integrity: sha512-5OVapq0ClabvKvQ58Bws8+wkLCV+Rxg7tUVbo9xu034Nm536QTII4YzhaFriQ7rMrorfnFKUsArD2lqKbFY4vw==}
    engines: {node: '>=12'}
    cpu: [arm]
    os: [android]
    requiresBuild: true
    dev: true
    optional: true

  /@esbuild/android-x64@0.19.11:
    resolution: {integrity: sha512-eccxjlfGw43WYoY9QgB82SgGgDbibcqyDTlk3l3C0jOVHKxrjdc9CTwDUQd0vkvYg5um0OH+GpxYvp39r+IPOg==}
    engines: {node: '>=12'}
    cpu: [x64]
    os: [android]
    requiresBuild: true
    dev: true
    optional: true

  /@esbuild/darwin-arm64@0.19.11:
    resolution: {integrity: sha512-ETp87DRWuSt9KdDVkqSoKoLFHYTrkyz2+65fj9nfXsaV3bMhTCjtQfw3y+um88vGRKRiF7erPrh/ZuIdLUIVxQ==}
    engines: {node: '>=12'}
    cpu: [arm64]
    os: [darwin]
    requiresBuild: true
    dev: true
    optional: true

  /@esbuild/darwin-x64@0.19.11:
    resolution: {integrity: sha512-fkFUiS6IUK9WYUO/+22omwetaSNl5/A8giXvQlcinLIjVkxwTLSktbF5f/kJMftM2MJp9+fXqZ5ezS7+SALp4g==}
    engines: {node: '>=12'}
    cpu: [x64]
    os: [darwin]
    requiresBuild: true
    dev: true
    optional: true

  /@esbuild/freebsd-arm64@0.19.11:
    resolution: {integrity: sha512-lhoSp5K6bxKRNdXUtHoNc5HhbXVCS8V0iZmDvyWvYq9S5WSfTIHU2UGjcGt7UeS6iEYp9eeymIl5mJBn0yiuxA==}
    engines: {node: '>=12'}
    cpu: [arm64]
    os: [freebsd]
    requiresBuild: true
    dev: true
    optional: true

  /@esbuild/freebsd-x64@0.19.11:
    resolution: {integrity: sha512-JkUqn44AffGXitVI6/AbQdoYAq0TEullFdqcMY/PCUZ36xJ9ZJRtQabzMA+Vi7r78+25ZIBosLTOKnUXBSi1Kw==}
    engines: {node: '>=12'}
    cpu: [x64]
    os: [freebsd]
    requiresBuild: true
    dev: true
    optional: true

  /@esbuild/linux-arm64@0.19.11:
    resolution: {integrity: sha512-LneLg3ypEeveBSMuoa0kwMpCGmpu8XQUh+mL8XXwoYZ6Be2qBnVtcDI5azSvh7vioMDhoJFZzp9GWp9IWpYoUg==}
    engines: {node: '>=12'}
    cpu: [arm64]
    os: [linux]
    requiresBuild: true
    dev: true
    optional: true

  /@esbuild/linux-arm@0.19.11:
    resolution: {integrity: sha512-3CRkr9+vCV2XJbjwgzjPtO8T0SZUmRZla+UL1jw+XqHZPkPgZiyWvbDvl9rqAN8Zl7qJF0O/9ycMtjU67HN9/Q==}
    engines: {node: '>=12'}
    cpu: [arm]
    os: [linux]
    requiresBuild: true
    dev: true
    optional: true

  /@esbuild/linux-ia32@0.19.11:
    resolution: {integrity: sha512-caHy++CsD8Bgq2V5CodbJjFPEiDPq8JJmBdeyZ8GWVQMjRD0sU548nNdwPNvKjVpamYYVL40AORekgfIubwHoA==}
    engines: {node: '>=12'}
    cpu: [ia32]
    os: [linux]
    requiresBuild: true
    dev: true
    optional: true

  /@esbuild/linux-loong64@0.19.11:
    resolution: {integrity: sha512-ppZSSLVpPrwHccvC6nQVZaSHlFsvCQyjnvirnVjbKSHuE5N24Yl8F3UwYUUR1UEPaFObGD2tSvVKbvR+uT1Nrg==}
    engines: {node: '>=12'}
    cpu: [loong64]
    os: [linux]
    requiresBuild: true
    dev: true
    optional: true

  /@esbuild/linux-mips64el@0.19.11:
    resolution: {integrity: sha512-B5x9j0OgjG+v1dF2DkH34lr+7Gmv0kzX6/V0afF41FkPMMqaQ77pH7CrhWeR22aEeHKaeZVtZ6yFwlxOKPVFyg==}
    engines: {node: '>=12'}
    cpu: [mips64el]
    os: [linux]
    requiresBuild: true
    dev: true
    optional: true

  /@esbuild/linux-ppc64@0.19.11:
    resolution: {integrity: sha512-MHrZYLeCG8vXblMetWyttkdVRjQlQUb/oMgBNurVEnhj4YWOr4G5lmBfZjHYQHHN0g6yDmCAQRR8MUHldvvRDA==}
    engines: {node: '>=12'}
    cpu: [ppc64]
    os: [linux]
    requiresBuild: true
    dev: true
    optional: true

  /@esbuild/linux-riscv64@0.19.11:
    resolution: {integrity: sha512-f3DY++t94uVg141dozDu4CCUkYW+09rWtaWfnb3bqe4w5NqmZd6nPVBm+qbz7WaHZCoqXqHz5p6CM6qv3qnSSQ==}
    engines: {node: '>=12'}
    cpu: [riscv64]
    os: [linux]
    requiresBuild: true
    dev: true
    optional: true

  /@esbuild/linux-s390x@0.19.11:
    resolution: {integrity: sha512-A5xdUoyWJHMMlcSMcPGVLzYzpcY8QP1RtYzX5/bS4dvjBGVxdhuiYyFwp7z74ocV7WDc0n1harxmpq2ePOjI0Q==}
    engines: {node: '>=12'}
    cpu: [s390x]
    os: [linux]
    requiresBuild: true
    dev: true
    optional: true

  /@esbuild/linux-x64@0.19.11:
    resolution: {integrity: sha512-grbyMlVCvJSfxFQUndw5mCtWs5LO1gUlwP4CDi4iJBbVpZcqLVT29FxgGuBJGSzyOxotFG4LoO5X+M1350zmPA==}
    engines: {node: '>=12'}
    cpu: [x64]
    os: [linux]
    requiresBuild: true
    dev: true
    optional: true

  /@esbuild/netbsd-x64@0.19.11:
    resolution: {integrity: sha512-13jvrQZJc3P230OhU8xgwUnDeuC/9egsjTkXN49b3GcS5BKvJqZn86aGM8W9pd14Kd+u7HuFBMVtrNGhh6fHEQ==}
    engines: {node: '>=12'}
    cpu: [x64]
    os: [netbsd]
    requiresBuild: true
    dev: true
    optional: true

  /@esbuild/openbsd-x64@0.19.11:
    resolution: {integrity: sha512-ysyOGZuTp6SNKPE11INDUeFVVQFrhcNDVUgSQVDzqsqX38DjhPEPATpid04LCoUr2WXhQTEZ8ct/EgJCUDpyNw==}
    engines: {node: '>=12'}
    cpu: [x64]
    os: [openbsd]
    requiresBuild: true
    dev: true
    optional: true

  /@esbuild/sunos-x64@0.19.11:
    resolution: {integrity: sha512-Hf+Sad9nVwvtxy4DXCZQqLpgmRTQqyFyhT3bZ4F2XlJCjxGmRFF0Shwn9rzhOYRB61w9VMXUkxlBy56dk9JJiQ==}
    engines: {node: '>=12'}
    cpu: [x64]
    os: [sunos]
    requiresBuild: true
    dev: true
    optional: true

  /@esbuild/win32-arm64@0.19.11:
    resolution: {integrity: sha512-0P58Sbi0LctOMOQbpEOvOL44Ne0sqbS0XWHMvvrg6NE5jQ1xguCSSw9jQeUk2lfrXYsKDdOe6K+oZiwKPilYPQ==}
    engines: {node: '>=12'}
    cpu: [arm64]
    os: [win32]
    requiresBuild: true
    dev: true
    optional: true

  /@esbuild/win32-ia32@0.19.11:
    resolution: {integrity: sha512-6YOrWS+sDJDmshdBIQU+Uoyh7pQKrdykdefC1avn76ss5c+RN6gut3LZA4E2cH5xUEp5/cA0+YxRaVtRAb0xBg==}
    engines: {node: '>=12'}
    cpu: [ia32]
    os: [win32]
    requiresBuild: true
    dev: true
    optional: true

  /@esbuild/win32-x64@0.19.11:
    resolution: {integrity: sha512-vfkhltrjCAb603XaFhqhAF4LGDi2M4OrCRrFusyQ+iTLQ/o60QQXxc9cZC/FFpihBI9N1Grn6SMKVJ4KP7Fuiw==}
    engines: {node: '>=12'}
    cpu: [x64]
    os: [win32]
    requiresBuild: true
    dev: true
    optional: true

  /@jridgewell/sourcemap-codec@1.4.15:
    resolution: {integrity: sha512-eF2rxCRulEKXHTRiDrDy6erMYWqNw4LPdQ8UQA4huuxaQsVeRPFl2oM8oDGxMFhJUWZf9McpLtJasDDZb/Bpeg==}

  /@mediapipe/selfie_segmentation@0.1.1675465747:
    resolution: {integrity: sha512-IxYxNhwE5VwOm52L1yoFWYLP7q9Pd+NJjzOC5tlepfvEGaY3o9hslhUrx9BgseqdfZtKSDtd/4NfCSMjNzQalA==}
    dev: false

  /@rollup/rollup-android-arm-eabi@4.9.5:
    resolution: {integrity: sha512-idWaG8xeSRCfRq9KpRysDHJ/rEHBEXcHuJ82XY0yYFIWnLMjZv9vF/7DOq8djQ2n3Lk6+3qfSH8AqlmHlmi1MA==}
    cpu: [arm]
    os: [android]
    requiresBuild: true
    dev: true
    optional: true

  /@rollup/rollup-android-arm64@4.9.5:
    resolution: {integrity: sha512-f14d7uhAMtsCGjAYwZGv6TwuS3IFaM4ZnGMUn3aCBgkcHAYErhV1Ad97WzBvS2o0aaDv4mVz+syiN0ElMyfBPg==}
    cpu: [arm64]
    os: [android]
    requiresBuild: true
    dev: true
    optional: true

  /@rollup/rollup-darwin-arm64@4.9.5:
    resolution: {integrity: sha512-ndoXeLx455FffL68OIUrVr89Xu1WLzAG4n65R8roDlCoYiQcGGg6MALvs2Ap9zs7AHg8mpHtMpwC8jBBjZrT/w==}
    cpu: [arm64]
    os: [darwin]
    requiresBuild: true
    dev: true
    optional: true

  /@rollup/rollup-darwin-x64@4.9.5:
    resolution: {integrity: sha512-UmElV1OY2m/1KEEqTlIjieKfVwRg0Zwg4PLgNf0s3glAHXBN99KLpw5A5lrSYCa1Kp63czTpVll2MAqbZYIHoA==}
    cpu: [x64]
    os: [darwin]
    requiresBuild: true
    dev: true
    optional: true

  /@rollup/rollup-linux-arm-gnueabihf@4.9.5:
    resolution: {integrity: sha512-Q0LcU61v92tQB6ae+udZvOyZ0wfpGojtAKrrpAaIqmJ7+psq4cMIhT/9lfV6UQIpeItnq/2QDROhNLo00lOD1g==}
    cpu: [arm]
    os: [linux]
    requiresBuild: true
    dev: true
    optional: true

  /@rollup/rollup-linux-arm64-gnu@4.9.5:
    resolution: {integrity: sha512-dkRscpM+RrR2Ee3eOQmRWFjmV/payHEOrjyq1VZegRUa5OrZJ2MAxBNs05bZuY0YCtpqETDy1Ix4i/hRqX98cA==}
    cpu: [arm64]
    os: [linux]
    requiresBuild: true
    dev: true
    optional: true

  /@rollup/rollup-linux-arm64-musl@4.9.5:
    resolution: {integrity: sha512-QaKFVOzzST2xzY4MAmiDmURagWLFh+zZtttuEnuNn19AiZ0T3fhPyjPPGwLNdiDT82ZE91hnfJsUiDwF9DClIQ==}
    cpu: [arm64]
    os: [linux]
    requiresBuild: true
    dev: true
    optional: true

  /@rollup/rollup-linux-riscv64-gnu@4.9.5:
    resolution: {integrity: sha512-HeGqmRJuyVg6/X6MpE2ur7GbymBPS8Np0S/vQFHDmocfORT+Zt76qu+69NUoxXzGqVP1pzaY6QIi0FJWLC3OPA==}
    cpu: [riscv64]
    os: [linux]
    requiresBuild: true
    dev: true
    optional: true

  /@rollup/rollup-linux-x64-gnu@4.9.5:
    resolution: {integrity: sha512-Dq1bqBdLaZ1Gb/l2e5/+o3B18+8TI9ANlA1SkejZqDgdU/jK/ThYaMPMJpVMMXy2uRHvGKbkz9vheVGdq3cJfA==}
    cpu: [x64]
    os: [linux]
    requiresBuild: true
    dev: true
    optional: true

  /@rollup/rollup-linux-x64-musl@4.9.5:
    resolution: {integrity: sha512-ezyFUOwldYpj7AbkwyW9AJ203peub81CaAIVvckdkyH8EvhEIoKzaMFJj0G4qYJ5sw3BpqhFrsCc30t54HV8vg==}
    cpu: [x64]
    os: [linux]
    requiresBuild: true
    dev: true
    optional: true

  /@rollup/rollup-win32-arm64-msvc@4.9.5:
    resolution: {integrity: sha512-aHSsMnUw+0UETB0Hlv7B/ZHOGY5bQdwMKJSzGfDfvyhnpmVxLMGnQPGNE9wgqkLUs3+gbG1Qx02S2LLfJ5GaRQ==}
    cpu: [arm64]
    os: [win32]
    requiresBuild: true
    dev: true
    optional: true

  /@rollup/rollup-win32-ia32-msvc@4.9.5:
    resolution: {integrity: sha512-AiqiLkb9KSf7Lj/o1U3SEP9Zn+5NuVKgFdRIZkvd4N0+bYrTOovVd0+LmYCPQGbocT4kvFyK+LXCDiXPBF3fyA==}
    cpu: [ia32]
    os: [win32]
    requiresBuild: true
    dev: true
    optional: true

  /@rollup/rollup-win32-x64-msvc@4.9.5:
    resolution: {integrity: sha512-1q+mykKE3Vot1kaFJIDoUFv5TuW+QQVaf2FmTT9krg86pQrGStOSJJ0Zil7CFagyxDuouTepzt5Y5TVzyajOdQ==}
    cpu: [x64]
    os: [win32]
    requiresBuild: true
    dev: true
    optional: true

  /@tensorflow-models/body-segmentation@1.0.2(@mediapipe/selfie_segmentation@0.1.1675465747)(@tensorflow/tfjs-backend-webgl@4.16.0)(@tensorflow/tfjs-converter@4.16.0)(@tensorflow/tfjs-core@4.16.0):
    resolution: {integrity: sha512-sbPiL8wpqfKqh01of6qguZzU9yLWOQDTwiPEIHFPA/EAjz5T51LKHKIySll+mmteRo/TxNED8pxd9VJ6q2r7kg==}
    peerDependencies:
      '@mediapipe/selfie_segmentation': ~0.1.0
      '@tensorflow/tfjs-backend-webgl': ^4.9.0
      '@tensorflow/tfjs-converter': ^4.9.0
      '@tensorflow/tfjs-core': ^4.9.0
    dependencies:
      '@mediapipe/selfie_segmentation': 0.1.1675465747
      '@tensorflow/tfjs-backend-webgl': 4.16.0(@tensorflow/tfjs-core@4.16.0)
      '@tensorflow/tfjs-converter': 4.16.0(@tensorflow/tfjs-core@4.16.0)
      '@tensorflow/tfjs-core': 4.16.0
      rimraf: 3.0.2
    dev: false

  /@tensorflow/tfjs-backend-cpu@4.16.0(@tensorflow/tfjs-core@4.16.0):
    resolution: {integrity: sha512-bQFu7FTUgqgss1AwnqSwQ1f02IPrfLLc2lLn5pyyVrS6Ex7zA6Y4YkfktqoJSRE6LlRZv3vxSriUGE1avRe4qQ==}
    engines: {yarn: '>= 1.3.2'}
    peerDependencies:
      '@tensorflow/tfjs-core': 4.16.0
    dependencies:
      '@tensorflow/tfjs-core': 4.16.0
      '@types/seedrandom': 2.4.34
      seedrandom: 3.0.5
    dev: false

  /@tensorflow/tfjs-backend-webgl@4.16.0(@tensorflow/tfjs-core@4.16.0):
    resolution: {integrity: sha512-cIGZWuY892iwTRokbDj3qsLi0AlpQn+U7rzB1mddhHrWr9kBXrrnAvIq0h2aiFzRFNePWUcsbgK+HmYG32kosg==}
    engines: {yarn: '>= 1.3.2'}
    peerDependencies:
      '@tensorflow/tfjs-core': 4.16.0
    dependencies:
      '@tensorflow/tfjs-backend-cpu': 4.16.0(@tensorflow/tfjs-core@4.16.0)
      '@tensorflow/tfjs-core': 4.16.0
      '@types/offscreencanvas': 2019.3.0
      '@types/seedrandom': 2.4.34
      seedrandom: 3.0.5
    dev: false

  /@tensorflow/tfjs-converter@4.16.0(@tensorflow/tfjs-core@4.16.0):
    resolution: {integrity: sha512-gd8dHl9tqEPQOHZLAUza713nKr42rpvUXrtm7yUhk10THvJT6TXe9Q2AJKmni8J3vfR+ghsCh77F8D4RbShx1Q==}
    peerDependencies:
      '@tensorflow/tfjs-core': 4.16.0
    dependencies:
      '@tensorflow/tfjs-core': 4.16.0
    dev: false

  /@tensorflow/tfjs-core@4.16.0:
    resolution: {integrity: sha512-MarAtO+Up6wA8pI9QDpQOwwJgb/imYMN++tsoaalyOEE9+B5HS4lQldxDJKXO8Frf4DyXf4FItJktEXaiPfRHw==}
    engines: {yarn: '>= 1.3.2'}
    dependencies:
      '@types/long': 4.0.2
      '@types/offscreencanvas': 2019.7.3
      '@types/seedrandom': 2.4.34
      '@webgpu/types': 0.1.38
      long: 4.0.0
      node-fetch: 2.6.13
      seedrandom: 3.0.5
    transitivePeerDependencies:
      - encoding
    dev: false

  /@types/estree@1.0.5:
    resolution: {integrity: sha512-/kYRxGDLWzHOB7q+wtSUQlFrtcdUccpfy+X+9iMBpHK8QLLhx2wIPYuS5DYtR9Wa/YlZAbIovy7qVdB1Aq6Lyw==}
    dev: true

  /@types/long@4.0.2:
    resolution: {integrity: sha512-MqTGEo5bj5t157U6fA/BiDynNkn0YknVdh48CMPkTSpFTVmvao5UQmm7uEF6xBEo7qIMAlY/JSleYaE6VOdpaA==}
    dev: false

  /@types/offscreencanvas@2019.3.0:
    resolution: {integrity: sha512-esIJx9bQg+QYF0ra8GnvfianIY8qWB0GBx54PK5Eps6m+xTj86KLavHv6qDhzKcu5UUOgNfJ2pWaIIV7TRUd9Q==}
    dev: false

  /@types/offscreencanvas@2019.7.3:
    resolution: {integrity: sha512-ieXiYmgSRXUDeOntE1InxjWyvEelZGP63M+cGuquuRLuIKKT1osnkXjxev9B7d1nXSug5vpunx+gNlbVxMlC9A==}
    dev: false

  /@types/seedrandom@2.4.34:
    resolution: {integrity: sha512-ytDiArvrn/3Xk6/vtylys5tlY6eo7Ane0hvcx++TKo6RxQXuVfW0AF/oeWqAj9dN29SyhtawuXstgmPlwNcv/A==}
    dev: false

  /@vitejs/plugin-vue@4.5.2(vite@5.0.8)(vue@3.3.11):
    resolution: {integrity: sha512-UGR3DlzLi/SaVBPX0cnSyE37vqxU3O6chn8l0HJNzQzDia6/Au2A4xKv+iIJW8w2daf80G7TYHhi1pAUjdZ0bQ==}
    engines: {node: ^14.18.0 || >=16.0.0}
    peerDependencies:
      vite: ^4.0.0 || ^5.0.0
      vue: ^3.2.25
    dependencies:
      vite: 5.0.8
      vue: 3.3.11
    dev: true

  /@vue/compiler-core@3.3.11:
    resolution: {integrity: sha512-h97/TGWBilnLuRaj58sxNrsUU66fwdRKLOLQ9N/5iNDfp+DZhYH9Obhe0bXxhedl8fjAgpRANpiZfbgWyruQ0w==}
    dependencies:
      '@babel/parser': 7.23.6
      '@vue/shared': 3.3.11
      estree-walker: 2.0.2
      source-map-js: 1.0.2

  /@vue/compiler-dom@3.3.11:
    resolution: {integrity: sha512-zoAiUIqSKqAJ81WhfPXYmFGwDRuO+loqLxvXmfUdR5fOitPoUiIeFI9cTTyv9MU5O1+ZZglJVTusWzy+wfk5hw==}
    dependencies:
      '@vue/compiler-core': 3.3.11
      '@vue/shared': 3.3.11

  /@vue/compiler-sfc@3.3.11:
    resolution: {integrity: sha512-U4iqPlHO0KQeK1mrsxCN0vZzw43/lL8POxgpzcJweopmqtoYy9nljJzWDIQS3EfjiYhfdtdk9Gtgz7MRXnz3GA==}
    dependencies:
      '@babel/parser': 7.23.6
      '@vue/compiler-core': 3.3.11
      '@vue/compiler-dom': 3.3.11
      '@vue/compiler-ssr': 3.3.11
      '@vue/reactivity-transform': 3.3.11
      '@vue/shared': 3.3.11
      estree-walker: 2.0.2
      magic-string: 0.30.5
      postcss: 8.4.33
      source-map-js: 1.0.2

  /@vue/compiler-ssr@3.3.11:
    resolution: {integrity: sha512-Zd66ZwMvndxRTgVPdo+muV4Rv9n9DwQ4SSgWWKWkPFebHQfVYRrVjeygmmDmPewsHyznCNvJ2P2d6iOOhdv8Qg==}
    dependencies:
      '@vue/compiler-dom': 3.3.11
      '@vue/shared': 3.3.11

  /@vue/reactivity-transform@3.3.11:
    resolution: {integrity: sha512-fPGjH0wqJo68A0wQ1k158utDq/cRyZNlFoxGwNScE28aUFOKFEnCBsvyD8jHn+0kd0UKVpuGuaZEQ6r9FJRqCg==}
    dependencies:
      '@babel/parser': 7.23.6
      '@vue/compiler-core': 3.3.11
      '@vue/shared': 3.3.11
      estree-walker: 2.0.2
      magic-string: 0.30.5

  /@vue/reactivity@3.3.11:
    resolution: {integrity: sha512-D5tcw091f0nuu+hXq5XANofD0OXnBmaRqMYl5B3fCR+mX+cXJIGNw/VNawBqkjLNWETrFW0i+xH9NvDbTPVh7g==}
    dependencies:
      '@vue/shared': 3.3.11

  /@vue/runtime-core@3.3.11:
    resolution: {integrity: sha512-g9ztHGwEbS5RyWaOpXuyIVFTschclnwhqEbdy5AwGhYOgc7m/q3NFwr50MirZwTTzX55JY8pSkeib9BX04NIpw==}
    dependencies:
      '@vue/reactivity': 3.3.11
      '@vue/shared': 3.3.11

  /@vue/runtime-dom@3.3.11:
    resolution: {integrity: sha512-OlhtV1PVpbgk+I2zl+Y5rQtDNcCDs12rsRg71XwaA2/Rbllw6mBLMi57VOn8G0AjOJ4Mdb4k56V37+g8ukShpQ==}
    dependencies:
      '@vue/runtime-core': 3.3.11
      '@vue/shared': 3.3.11
      csstype: 3.1.3

  /@vue/server-renderer@3.3.11(vue@3.3.11):
    resolution: {integrity: sha512-AIWk0VwwxCAm4wqtJyxBylRTXSy1wCLOKbWxHaHiu14wjsNYtiRCSgVuqEPVuDpErOlRdNnuRgipQfXRLjLN5A==}
    peerDependencies:
      vue: 3.3.11
    dependencies:
      '@vue/compiler-ssr': 3.3.11
      '@vue/shared': 3.3.11
      vue: 3.3.11

  /@vue/shared@3.3.11:
    resolution: {integrity: sha512-u2G8ZQ9IhMWTMXaWqZycnK4UthG1fA238CD+DP4Dm4WJi5hdUKKLg0RMRaRpDPNMdkTwIDkp7WtD0Rd9BH9fLw==}

  /@webgpu/types@0.1.38:
    resolution: {integrity: sha512-7LrhVKz2PRh+DD7+S+PVaFd5HxaWQvoMqBbsV9fNJO1pjUs1P8bM2vQVNfk+3URTqbuTI7gkXi0rfsN0IadoBA==}
    dev: false

  /balanced-match@1.0.2:
    resolution: {integrity: sha512-3oSeUO0TMV67hN1AmbXsK4yaqU7tjiHlbxRDZOpH0KW9+CeX4bRAaX0Anxt0tx2MrpRpWwQaPwIlISEJhYU5Pw==}
    dev: false

  /brace-expansion@1.1.11:
    resolution: {integrity: sha512-iCuPHDFgrHX7H2vEI/5xpz07zSHB00TpugqhmYtVmMO6518mCuRMoOYFldEBl0g187ufozdaHgWKcYFb61qGiA==}
    dependencies:
      balanced-match: 1.0.2
      concat-map: 0.0.1
    dev: false

  /concat-map@0.0.1:
    resolution: {integrity: sha512-/Srv4dswyQNBfohGpz9o6Yb3Gz3SrUDqBH5rTuhGR7ahtlbYKnVxw2bCFMRljaA7EXHaXZ8wsHdodFvbkhKmqg==}
    dev: false

  /csstype@3.1.3:
    resolution: {integrity: sha512-M1uQkMl8rQK/szD0LNhtqxIPLpimGm8sOBwU7lLnCpSbTyY3yeU1Vc7l4KT5zT4s/yOxHH5O7tIuuLOCnLADRw==}

  /esbuild@0.19.11:
    resolution: {integrity: sha512-HJ96Hev2hX/6i5cDVwcqiJBBtuo9+FeIJOtZ9W1kA5M6AMJRHUZlpYZ1/SbEwtO0ioNAW8rUooVpC/WehY2SfA==}
    engines: {node: '>=12'}
    hasBin: true
    requiresBuild: true
    optionalDependencies:
      '@esbuild/aix-ppc64': 0.19.11
      '@esbuild/android-arm': 0.19.11
      '@esbuild/android-arm64': 0.19.11
      '@esbuild/android-x64': 0.19.11
      '@esbuild/darwin-arm64': 0.19.11
      '@esbuild/darwin-x64': 0.19.11
      '@esbuild/freebsd-arm64': 0.19.11
      '@esbuild/freebsd-x64': 0.19.11
      '@esbuild/linux-arm': 0.19.11
      '@esbuild/linux-arm64': 0.19.11
      '@esbuild/linux-ia32': 0.19.11
      '@esbuild/linux-loong64': 0.19.11
      '@esbuild/linux-mips64el': 0.19.11
      '@esbuild/linux-ppc64': 0.19.11
      '@esbuild/linux-riscv64': 0.19.11
      '@esbuild/linux-s390x': 0.19.11
      '@esbuild/linux-x64': 0.19.11
      '@esbuild/netbsd-x64': 0.19.11
      '@esbuild/openbsd-x64': 0.19.11
      '@esbuild/sunos-x64': 0.19.11
      '@esbuild/win32-arm64': 0.19.11
      '@esbuild/win32-ia32': 0.19.11
      '@esbuild/win32-x64': 0.19.11
    dev: true

  /estree-walker@2.0.2:
    resolution: {integrity: sha512-Rfkk/Mp/DL7JVje3u18FxFujQlTNR2q6QfMSMB7AvCBx91NGj/ba3kCfza0f6dVDbw7YlRf/nDrn7pQrCCyQ/w==}

  /fs.realpath@1.0.0:
    resolution: {integrity: sha512-OO0pH2lK6a0hZnAdau5ItzHPI6pUlvI7jMVnxUQRtw4owF2wk8lOSabtGDCTP4Ggrg2MbGnWO9X8K1t4+fGMDw==}
    dev: false

  /fsevents@2.3.3:
    resolution: {integrity: sha512-5xoDfX+fL7faATnagmWPpbFtwh/R77WmMMqqHGS65C3vvB0YHrgF+B1YmZ3441tMj5n63k0212XNoJwzlhffQw==}
    engines: {node: ^8.16.0 || ^10.6.0 || >=11.0.0}
    os: [darwin]
    requiresBuild: true
    dev: true
    optional: true

  /glob@7.2.3:
    resolution: {integrity: sha512-nFR0zLpU2YCaRxwoCJvL6UvCH2JFyFVIvwTLsIf21AuHlMskA1hhTdk+LlYJtOlYt9v6dvszD2BGRqBL+iQK9Q==}
    dependencies:
      fs.realpath: 1.0.0
      inflight: 1.0.6
      inherits: 2.0.4
      minimatch: 3.1.2
      once: 1.4.0
      path-is-absolute: 1.0.1
    dev: false

  /inflight@1.0.6:
    resolution: {integrity: sha512-k92I/b08q4wvFscXCLvqfsHCrjrF7yiXsQuIVvVE7N82W3+aqpzuUdBbfhWcy/FZR3/4IgflMgKLOsvPDrGCJA==}
    dependencies:
      once: 1.4.0
      wrappy: 1.0.2
    dev: false

  /inherits@2.0.4:
    resolution: {integrity: sha512-k/vGaX4/Yla3WzyMCvTQOXYeIHvqOKtnqBduzTHpzpQZzAskKMhZ2K+EnBiSM9zGSoIFeMpXKxa4dYeZIQqewQ==}
    dev: false

  /long@4.0.0:
    resolution: {integrity: sha512-XsP+KhQif4bjX1kbuSiySJFNAehNxgLb6hPRGJ9QsUr8ajHkuXGdrHmFUTUUXhDwVX2R5bY4JNZEwbUiMhV+MA==}
    dev: false

  /magic-string@0.30.5:
    resolution: {integrity: sha512-7xlpfBaQaP/T6Vh8MO/EqXSW5En6INHEvEXQiuff7Gku0PWjU3uf6w/j9o7O+SpB5fOAkrI5HeoNgwjEO0pFsA==}
    engines: {node: '>=12'}
    dependencies:
      '@jridgewell/sourcemap-codec': 1.4.15

  /minimatch@3.1.2:
    resolution: {integrity: sha512-J7p63hRiAjw1NDEww1W7i37+ByIrOWO5XQQAzZ3VOcL0PNybwpfmV/N05zFAzwQ9USyEcX6t3UO+K5aqBQOIHw==}
    dependencies:
      brace-expansion: 1.1.11
    dev: false

  /nanoid@3.3.7:
    resolution: {integrity: sha512-eSRppjcPIatRIMC1U6UngP8XFcz8MQWGQdt1MTBQ7NaAmvXDfvNxbvWV3x2y6CdEUciCSsDHDQZbhYaB8QEo2g==}
    engines: {node: ^10 || ^12 || ^13.7 || ^14 || >=15.0.1}
    hasBin: true

  /node-fetch@2.6.13:
    resolution: {integrity: sha512-StxNAxh15zr77QvvkmveSQ8uCQ4+v5FkvNTj0OESmiHu+VRi/gXArXtkWMElOsOUNLtUEvI4yS+rdtOHZTwlQA==}
    engines: {node: 4.x || >=6.0.0}
    peerDependencies:
      encoding: ^0.1.0
    peerDependenciesMeta:
      encoding:
        optional: true
    dependencies:
      whatwg-url: 5.0.0
    dev: false

  /once@1.4.0:
    resolution: {integrity: sha512-lNaJgI+2Q5URQBkccEKHTQOPaXdUxnZZElQTZY0MFUAuaEqe1E+Nyvgdz/aIyNi6Z9MzO5dv1H8n58/GELp3+w==}
    dependencies:
      wrappy: 1.0.2
    dev: false

  /path-is-absolute@1.0.1:
    resolution: {integrity: sha512-AVbw3UJ2e9bq64vSaS9Am0fje1Pa8pbGqTTsmXfaIiMpnr5DlDhfJOuLj9Sf95ZPVDAUerDfEk88MPmPe7UCQg==}
    engines: {node: '>=0.10.0'}
    dev: false

  /picocolors@1.0.0:
    resolution: {integrity: sha512-1fygroTLlHu66zi26VoTDv8yRgm0Fccecssto+MhsZ0D/DGW2sm8E8AjW7NU5VVTRt5GxbeZ5qBuJr+HyLYkjQ==}

  /postcss@8.4.33:
    resolution: {integrity: sha512-Kkpbhhdjw2qQs2O2DGX+8m5OVqEcbB9HRBvuYM9pgrjEFUg30A9LmXNlTAUj4S9kgtGyrMbTzVjH7E+s5Re2yg==}
    engines: {node: ^10 || ^12 || >=14}
    dependencies:
      nanoid: 3.3.7
      picocolors: 1.0.0
      source-map-js: 1.0.2

  /rimraf@3.0.2:
    resolution: {integrity: sha512-JZkJMZkAGFFPP2YqXZXPbMlMBgsxzE8ILs4lMIX/2o0L9UBw9O/Y3o6wFw/i9YLapcUJWwqbi3kdxIPdC62TIA==}
    hasBin: true
    dependencies:
      glob: 7.2.3
    dev: false

  /rollup@4.9.5:
    resolution: {integrity: sha512-E4vQW0H/mbNMw2yLSqJyjtkHY9dslf/p0zuT1xehNRqUTBOFMqEjguDvqhXr7N7r/4ttb2jr4T41d3dncmIgbQ==}
    engines: {node: '>=18.0.0', npm: '>=8.0.0'}
    hasBin: true
    dependencies:
      '@types/estree': 1.0.5
    optionalDependencies:
      '@rollup/rollup-android-arm-eabi': 4.9.5
      '@rollup/rollup-android-arm64': 4.9.5
      '@rollup/rollup-darwin-arm64': 4.9.5
      '@rollup/rollup-darwin-x64': 4.9.5
      '@rollup/rollup-linux-arm-gnueabihf': 4.9.5
      '@rollup/rollup-linux-arm64-gnu': 4.9.5
      '@rollup/rollup-linux-arm64-musl': 4.9.5
      '@rollup/rollup-linux-riscv64-gnu': 4.9.5
      '@rollup/rollup-linux-x64-gnu': 4.9.5
      '@rollup/rollup-linux-x64-musl': 4.9.5
      '@rollup/rollup-win32-arm64-msvc': 4.9.5
      '@rollup/rollup-win32-ia32-msvc': 4.9.5
      '@rollup/rollup-win32-x64-msvc': 4.9.5
      fsevents: 2.3.3
    dev: true

  /seedrandom@3.0.5:
    resolution: {integrity: sha512-8OwmbklUNzwezjGInmZ+2clQmExQPvomqjL7LFqOYqtmuxRgQYqOD3mHaU+MvZn5FLUeVxVfQjwLZW/n/JFuqg==}
    dev: false

  /source-map-js@1.0.2:
    resolution: {integrity: sha512-R0XvVJ9WusLiqTCEiGCmICCMplcCkIwwR11mOSD9CR5u+IXYdiseeEuXCVAjS54zqwkLcPNnmU4OeJ6tUrWhDw==}
    engines: {node: '>=0.10.0'}

  /to-fast-properties@2.0.0:
    resolution: {integrity: sha512-/OaKK0xYrs3DmxRYqL/yDc+FxFUVYhDlXMhRmv3z915w2HF1tnN1omB354j8VUGO/hbRzyD6Y3sA7v7GS/ceog==}
    engines: {node: '>=4'}

  /tr46@0.0.3:
    resolution: {integrity: sha512-N3WMsuqV66lT30CrXNbEjx4GEwlow3v6rr4mCcv6prnfwhS01rkgyFdjPNBYd9br7LpXV1+Emh01fHnq2Gdgrw==}
    dev: false

  /vite@5.0.8:
    resolution: {integrity: sha512-jYMALd8aeqR3yS9xlHd0OzQJndS9fH5ylVgWdB+pxTwxLKdO1pgC5Dlb398BUxpfaBxa4M9oT7j1g503Gaj5IQ==}
    engines: {node: ^18.0.0 || >=20.0.0}
    hasBin: true
    peerDependencies:
      '@types/node': ^18.0.0 || >=20.0.0
      less: '*'
      lightningcss: ^1.21.0
      sass: '*'
      stylus: '*'
      sugarss: '*'
      terser: ^5.4.0
    peerDependenciesMeta:
      '@types/node':
        optional: true
      less:
        optional: true
      lightningcss:
        optional: true
      sass:
        optional: true
      stylus:
        optional: true
      sugarss:
        optional: true
      terser:
        optional: true
    dependencies:
      esbuild: 0.19.11
      postcss: 8.4.33
      rollup: 4.9.5
    optionalDependencies:
      fsevents: 2.3.3
    dev: true

  /vue@3.3.11:
    resolution: {integrity: sha512-d4oBctG92CRO1cQfVBZp6WJAs0n8AK4Xf5fNjQCBeKCvMI1efGQ5E3Alt1slFJS9fZuPcFoiAiqFvQlv1X7t/w==}
    peerDependencies:
      typescript: '*'
    peerDependenciesMeta:
      typescript:
        optional: true
    dependencies:
      '@vue/compiler-dom': 3.3.11
      '@vue/compiler-sfc': 3.3.11
      '@vue/runtime-dom': 3.3.11
      '@vue/server-renderer': 3.3.11(vue@3.3.11)
      '@vue/shared': 3.3.11

  /webidl-conversions@3.0.1:
    resolution: {integrity: sha512-2JAn3z8AR6rjK8Sm8orRC0h/bcl/DqL7tRPdGZ4I1CjdF+EaMLmYxBHyXuKL849eucPFhvBoxMsflfOb8kxaeQ==}
    dev: false

  /whatwg-url@5.0.0:
    resolution: {integrity: sha512-saE57nupxk6v3HY35+jzBwYa0rKSy0XR8JSxZPwgLr7ys0IBzhGviA1/TUGJLmSVqs8pb9AnvICXEuOHLprYTw==}
    dependencies:
      tr46: 0.0.3
      webidl-conversions: 3.0.1
    dev: false

  /wrappy@1.0.2:
    resolution: {integrity: sha512-l4Sp/DRseor9wL6EvV2+TuQn63dMkPjZ/sp9XkghTEbV9KlPS1xUsZ3u7/IQO4wxtcFB4bgpQPRcR3QCvezPcQ==}
    dev: false
